// !$*UTF8*$!
{
	archiveVersion = 1;
	classes = {
	};
	objectVersion = 56;
	objects = {

/* Begin PBXBuildFile section */
		4B157D3A2AC116B400EEDEC1 /* RandomBoxBanner.swift in Sources */ = {isa = PBXBuildFile; fileRef = 4B157D392AC116B400EEDEC1 /* RandomBoxBanner.swift */; };
		4B157D3C2AC1451800EEDEC1 /* EntCollectionViewCell.swift in Sources */ = {isa = PBXBuildFile; fileRef = 4B157D3B2AC1451800EEDEC1 /* EntCollectionViewCell.swift */; };
		4B157D422AC15A2200EEDEC1 /* WorldCupViewController.swift in Sources */ = {isa = PBXBuildFile; fileRef = 4B157D412AC15A2200EEDEC1 /* WorldCupViewController.swift */; };
		4B157D442AC16A4100EEDEC1 /* RandomBoxViewController.swift in Sources */ = {isa = PBXBuildFile; fileRef = 4B157D432AC16A4000EEDEC1 /* RandomBoxViewController.swift */; };
		4B157D462AC17CF700EEDEC1 /* RandomBoxModel.swift in Sources */ = {isa = PBXBuildFile; fileRef = 4B157D452AC17CF700EEDEC1 /* RandomBoxModel.swift */; };
		B14B58CA2AC0A230009889DA /* AppDelegate.swift in Sources */ = {isa = PBXBuildFile; fileRef = B14B58C92AC0A230009889DA /* AppDelegate.swift */; };
		B14B58CC2AC0A230009889DA /* SceneDelegate.swift in Sources */ = {isa = PBXBuildFile; fileRef = B14B58CB2AC0A230009889DA /* SceneDelegate.swift */; };
		B14B58CE2AC0A230009889DA /* HomeViewController.swift in Sources */ = {isa = PBXBuildFile; fileRef = B14B58CD2AC0A230009889DA /* HomeViewController.swift */; };
		B14B58D32AC0A232009889DA /* Assets.xcassets in Resources */ = {isa = PBXBuildFile; fileRef = B14B58D22AC0A232009889DA /* Assets.xcassets */; };
		B14B58D62AC0A232009889DA /* LaunchScreen.storyboard in Resources */ = {isa = PBXBuildFile; fileRef = B14B58D42AC0A232009889DA /* LaunchScreen.storyboard */; };
		B14B59082AC0A4FD009889DA /* TabBarController.swift in Sources */ = {isa = PBXBuildFile; fileRef = B14B59072AC0A4FD009889DA /* TabBarController.swift */; };
		B14B590A2AC0A644009889DA /* MailViewController.swift in Sources */ = {isa = PBXBuildFile; fileRef = B14B59092AC0A644009889DA /* MailViewController.swift */; };
		B14B590C2AC0A64C009889DA /* LikeViewController.swift in Sources */ = {isa = PBXBuildFile; fileRef = B14B590B2AC0A64C009889DA /* LikeViewController.swift */; };
		B14B590E2AC0A658009889DA /* EntViewController.swift in Sources */ = {isa = PBXBuildFile; fileRef = B14B590D2AC0A658009889DA /* EntViewController.swift */; };
		B14B59102AC0A666009889DA /* MypageViewController.swift in Sources */ = {isa = PBXBuildFile; fileRef = B14B590F2AC0A666009889DA /* MypageViewController.swift */; };
		B17D67842AC0A835006F91DC /* SignInViewController.swift in Sources */ = {isa = PBXBuildFile; fileRef = B17D67832AC0A835006F91DC /* SignInViewController.swift */; };
		B17D67862AC0A850006F91DC /* SignUpViewController.swift in Sources */ = {isa = PBXBuildFile; fileRef = B17D67852AC0A850006F91DC /* SignUpViewController.swift */; };
		B17D67882AC0AAFF006F91DC /* User.swift in Sources */ = {isa = PBXBuildFile; fileRef = B17D67872AC0AAFF006F91DC /* User.swift */; };
		B17D678A2AC0AB6A006F91DC /* SubInfo.swift in Sources */ = {isa = PBXBuildFile; fileRef = B17D67892AC0AB6A006F91DC /* SubInfo.swift */; };
		B17D678C2AC0AB80006F91DC /* Location.swift in Sources */ = {isa = PBXBuildFile; fileRef = B17D678B2AC0AB80006F91DC /* Location.swift */; };
		B17D678E2AC0ABFD006F91DC /* Report.swift in Sources */ = {isa = PBXBuildFile; fileRef = B17D678D2AC0ABFD006F91DC /* Report.swift */; };
		B17D67902AC0AC15006F91DC /* Block.swift in Sources */ = {isa = PBXBuildFile; fileRef = B17D678F2AC0AC15006F91DC /* Block.swift */; };
		B17D67922AC0ACDF006F91DC /* Notification.swift in Sources */ = {isa = PBXBuildFile; fileRef = B17D67912AC0ACDF006F91DC /* Notification.swift */; };
		B17D67942AC0AD45006F91DC /* Like.swift in Sources */ = {isa = PBXBuildFile; fileRef = B17D67932AC0AD45006F91DC /* Like.swift */; };
		B17D67962AC0AE11006F91DC /* Mail.swift in Sources */ = {isa = PBXBuildFile; fileRef = B17D67952AC0AE11006F91DC /* Mail.swift */; };
		B17D67982AC0AEE0006F91DC /* Payment.swift in Sources */ = {isa = PBXBuildFile; fileRef = B17D67972AC0AEE0006F91DC /* Payment.swift */; };
		B17D679F2AC0B116006F91DC /* UserDefaultsData.swift in Sources */ = {isa = PBXBuildFile; fileRef = B17D679E2AC0B116006F91DC /* UserDefaultsData.swift */; };
		B17D67A12AC0B1FA006F91DC /* Encodable+Extensions.swift in Sources */ = {isa = PBXBuildFile; fileRef = B17D67A02AC0B1FA006F91DC /* Encodable+Extensions.swift */; };
		B17D67A32AC0B21F006F91DC /* UIViewController+Extensions.swift in Sources */ = {isa = PBXBuildFile; fileRef = B17D67A22AC0B21F006F91DC /* UIViewController+Extensions.swift */; };
		B17D67A82AC0B5F7006F91DC /* UIColor+Extensions.swift in Sources */ = {isa = PBXBuildFile; fileRef = B17D67A72AC0B5F7006F91DC /* UIColor+Extensions.swift */; };
		B17D67AA2AC0B86A006F91DC /* UIFont+Extensions.swift in Sources */ = {isa = PBXBuildFile; fileRef = B17D67A92AC0B86A006F91DC /* UIFont+Extensions.swift */; };
		B17D67B12AC0BF02006F91DC /* SnapKit in Frameworks */ = {isa = PBXBuildFile; productRef = B17D67B02AC0BF02006F91DC /* SnapKit */; };
		B17D67B62AC0C09C006F91DC /* Screen.swift in Sources */ = {isa = PBXBuildFile; fileRef = B17D67B52AC0C09C006F91DC /* Screen.swift */; };
		B17D67B82AC0C0C5006F91DC /* Identifier.swift in Sources */ = {isa = PBXBuildFile; fileRef = B17D67B72AC0C0C5006F91DC /* Identifier.swift */; };
		B17D67C12AC0C4F3006F91DC /* RxCocoa in Frameworks */ = {isa = PBXBuildFile; productRef = B17D67C02AC0C4F3006F91DC /* RxCocoa */; };
		B17D67C32AC0C4F8006F91DC /* RxSwift in Frameworks */ = {isa = PBXBuildFile; productRef = B17D67C22AC0C4F8006F91DC /* RxSwift */; };
		B1844F5C2AC0CD9B00ACFFED /* PicoUITests.swift in Sources */ = {isa = PBXBuildFile; fileRef = B1844F5B2AC0CD9B00ACFFED /* PicoUITests.swift */; };
		B1844F5E2AC0CD9B00ACFFED /* PicoUITestsLaunchTests.swift in Sources */ = {isa = PBXBuildFile; fileRef = B1844F5D2AC0CD9B00ACFFED /* PicoUITestsLaunchTests.swift */; };
		B1844F6B2AC0CDA500ACFFED /* PicoTests.swift in Sources */ = {isa = PBXBuildFile; fileRef = B1844F6A2AC0CDA500ACFFED /* PicoTests.swift */; };
		B1844F762AC0D78000ACFFED /* .swiftlint.yml in Resources */ = {isa = PBXBuildFile; fileRef = B1844F752AC0D78000ACFFED /* .swiftlint.yml */; };
		B1844F782AC0E3BF00ACFFED /* CommonButton.swift in Sources */ = {isa = PBXBuildFile; fileRef = B1844F772AC0E3BF00ACFFED /* CommonButton.swift */; };
		B1844F7C2AC127A900ACFFED /* Constraint.swift in Sources */ = {isa = PBXBuildFile; fileRef = B1844F7B2AC127A900ACFFED /* Constraint.swift */; };
/* End PBXBuildFile section */

/* Begin PBXContainerItemProxy section */
		B1844F5F2AC0CD9B00ACFFED /* PBXContainerItemProxy */ = {
			isa = PBXContainerItemProxy;
			containerPortal = B14B58BE2AC0A230009889DA /* Project object */;
			proxyType = 1;
			remoteGlobalIDString = B14B58C52AC0A230009889DA;
			remoteInfo = Pico;
		};
		B1844F6C2AC0CDA500ACFFED /* PBXContainerItemProxy */ = {
			isa = PBXContainerItemProxy;
			containerPortal = B14B58BE2AC0A230009889DA /* Project object */;
			proxyType = 1;
			remoteGlobalIDString = B14B58C52AC0A230009889DA;
			remoteInfo = Pico;
		};
/* End PBXContainerItemProxy section */

/* Begin PBXFileReference section */
		4B157D392AC116B400EEDEC1 /* RandomBoxBanner.swift */ = {isa = PBXFileReference; lastKnownFileType = sourcecode.swift; path = RandomBoxBanner.swift; sourceTree = "<group>"; };
		4B157D3B2AC1451800EEDEC1 /* EntCollectionViewCell.swift */ = {isa = PBXFileReference; lastKnownFileType = sourcecode.swift; path = EntCollectionViewCell.swift; sourceTree = "<group>"; };
		4B157D412AC15A2200EEDEC1 /* WorldCupViewController.swift */ = {isa = PBXFileReference; lastKnownFileType = sourcecode.swift; path = WorldCupViewController.swift; sourceTree = "<group>"; };
		4B157D432AC16A4000EEDEC1 /* RandomBoxViewController.swift */ = {isa = PBXFileReference; lastKnownFileType = sourcecode.swift; path = RandomBoxViewController.swift; sourceTree = "<group>"; };
		4B157D452AC17CF700EEDEC1 /* RandomBoxModel.swift */ = {isa = PBXFileReference; lastKnownFileType = sourcecode.swift; path = RandomBoxModel.swift; sourceTree = "<group>"; };
		B14B58C62AC0A230009889DA /* Pico.app */ = {isa = PBXFileReference; explicitFileType = wrapper.application; includeInIndex = 0; path = Pico.app; sourceTree = BUILT_PRODUCTS_DIR; };
		B14B58C92AC0A230009889DA /* AppDelegate.swift */ = {isa = PBXFileReference; lastKnownFileType = sourcecode.swift; path = AppDelegate.swift; sourceTree = "<group>"; };
		B14B58CB2AC0A230009889DA /* SceneDelegate.swift */ = {isa = PBXFileReference; lastKnownFileType = sourcecode.swift; path = SceneDelegate.swift; sourceTree = "<group>"; };
		B14B58CD2AC0A230009889DA /* HomeViewController.swift */ = {isa = PBXFileReference; lastKnownFileType = sourcecode.swift; path = HomeViewController.swift; sourceTree = "<group>"; };
		B14B58D22AC0A232009889DA /* Assets.xcassets */ = {isa = PBXFileReference; lastKnownFileType = folder.assetcatalog; path = Assets.xcassets; sourceTree = "<group>"; };
		B14B58D52AC0A232009889DA /* Base */ = {isa = PBXFileReference; lastKnownFileType = file.storyboard; name = Base; path = Base.lproj/LaunchScreen.storyboard; sourceTree = "<group>"; };
		B14B58D72AC0A232009889DA /* Info.plist */ = {isa = PBXFileReference; lastKnownFileType = text.plist.xml; path = Info.plist; sourceTree = "<group>"; };
		B14B59072AC0A4FD009889DA /* TabBarController.swift */ = {isa = PBXFileReference; lastKnownFileType = sourcecode.swift; path = TabBarController.swift; sourceTree = "<group>"; };
		B14B59092AC0A644009889DA /* MailViewController.swift */ = {isa = PBXFileReference; lastKnownFileType = sourcecode.swift; path = MailViewController.swift; sourceTree = "<group>"; };
		B14B590B2AC0A64C009889DA /* LikeViewController.swift */ = {isa = PBXFileReference; lastKnownFileType = sourcecode.swift; path = LikeViewController.swift; sourceTree = "<group>"; };
		B14B590D2AC0A658009889DA /* EntViewController.swift */ = {isa = PBXFileReference; lastKnownFileType = sourcecode.swift; path = EntViewController.swift; sourceTree = "<group>"; };
		B14B590F2AC0A666009889DA /* MypageViewController.swift */ = {isa = PBXFileReference; lastKnownFileType = sourcecode.swift; path = MypageViewController.swift; sourceTree = "<group>"; };
		B17D67832AC0A835006F91DC /* SignInViewController.swift */ = {isa = PBXFileReference; lastKnownFileType = sourcecode.swift; path = SignInViewController.swift; sourceTree = "<group>"; };
		B17D67852AC0A850006F91DC /* SignUpViewController.swift */ = {isa = PBXFileReference; lastKnownFileType = sourcecode.swift; path = SignUpViewController.swift; sourceTree = "<group>"; };
		B17D67872AC0AAFF006F91DC /* User.swift */ = {isa = PBXFileReference; lastKnownFileType = sourcecode.swift; path = User.swift; sourceTree = "<group>"; };
		B17D67892AC0AB6A006F91DC /* SubInfo.swift */ = {isa = PBXFileReference; lastKnownFileType = sourcecode.swift; path = SubInfo.swift; sourceTree = "<group>"; };
		B17D678B2AC0AB80006F91DC /* Location.swift */ = {isa = PBXFileReference; lastKnownFileType = sourcecode.swift; path = Location.swift; sourceTree = "<group>"; };
		B17D678D2AC0ABFD006F91DC /* Report.swift */ = {isa = PBXFileReference; lastKnownFileType = sourcecode.swift; path = Report.swift; sourceTree = "<group>"; };
		B17D678F2AC0AC15006F91DC /* Block.swift */ = {isa = PBXFileReference; lastKnownFileType = sourcecode.swift; path = Block.swift; sourceTree = "<group>"; };
		B17D67912AC0ACDF006F91DC /* Notification.swift */ = {isa = PBXFileReference; lastKnownFileType = sourcecode.swift; path = Notification.swift; sourceTree = "<group>"; };
		B17D67932AC0AD45006F91DC /* Like.swift */ = {isa = PBXFileReference; lastKnownFileType = sourcecode.swift; path = Like.swift; sourceTree = "<group>"; };
		B17D67952AC0AE11006F91DC /* Mail.swift */ = {isa = PBXFileReference; lastKnownFileType = sourcecode.swift; path = Mail.swift; sourceTree = "<group>"; };
		B17D67972AC0AEE0006F91DC /* Payment.swift */ = {isa = PBXFileReference; lastKnownFileType = sourcecode.swift; path = Payment.swift; sourceTree = "<group>"; };
		B17D679E2AC0B116006F91DC /* UserDefaultsData.swift */ = {isa = PBXFileReference; lastKnownFileType = sourcecode.swift; path = UserDefaultsData.swift; sourceTree = "<group>"; };
		B17D67A02AC0B1FA006F91DC /* Encodable+Extensions.swift */ = {isa = PBXFileReference; lastKnownFileType = sourcecode.swift; path = "Encodable+Extensions.swift"; sourceTree = "<group>"; };
		B17D67A22AC0B21F006F91DC /* UIViewController+Extensions.swift */ = {isa = PBXFileReference; lastKnownFileType = sourcecode.swift; path = "UIViewController+Extensions.swift"; sourceTree = "<group>"; };
		B17D67A72AC0B5F7006F91DC /* UIColor+Extensions.swift */ = {isa = PBXFileReference; lastKnownFileType = sourcecode.swift; path = "UIColor+Extensions.swift"; sourceTree = "<group>"; };
		B17D67A92AC0B86A006F91DC /* UIFont+Extensions.swift */ = {isa = PBXFileReference; lastKnownFileType = sourcecode.swift; path = "UIFont+Extensions.swift"; sourceTree = "<group>"; };
		B17D67B52AC0C09C006F91DC /* Screen.swift */ = {isa = PBXFileReference; lastKnownFileType = sourcecode.swift; path = Screen.swift; sourceTree = "<group>"; };
		B17D67B72AC0C0C5006F91DC /* Identifier.swift */ = {isa = PBXFileReference; lastKnownFileType = sourcecode.swift; path = Identifier.swift; sourceTree = "<group>"; };
		B1844F592AC0CD9B00ACFFED /* PicoUITests.xctest */ = {isa = PBXFileReference; explicitFileType = wrapper.cfbundle; includeInIndex = 0; path = PicoUITests.xctest; sourceTree = BUILT_PRODUCTS_DIR; };
		B1844F5B2AC0CD9B00ACFFED /* PicoUITests.swift */ = {isa = PBXFileReference; lastKnownFileType = sourcecode.swift; path = PicoUITests.swift; sourceTree = "<group>"; };
		B1844F5D2AC0CD9B00ACFFED /* PicoUITestsLaunchTests.swift */ = {isa = PBXFileReference; lastKnownFileType = sourcecode.swift; path = PicoUITestsLaunchTests.swift; sourceTree = "<group>"; };
		B1844F682AC0CDA500ACFFED /* PicoTests.xctest */ = {isa = PBXFileReference; explicitFileType = wrapper.cfbundle; includeInIndex = 0; path = PicoTests.xctest; sourceTree = BUILT_PRODUCTS_DIR; };
		B1844F6A2AC0CDA500ACFFED /* PicoTests.swift */ = {isa = PBXFileReference; lastKnownFileType = sourcecode.swift; path = PicoTests.swift; sourceTree = "<group>"; };
		B1844F752AC0D78000ACFFED /* .swiftlint.yml */ = {isa = PBXFileReference; lastKnownFileType = text.yaml; path = .swiftlint.yml; sourceTree = "<group>"; };
		B1844F772AC0E3BF00ACFFED /* CommonButton.swift */ = {isa = PBXFileReference; lastKnownFileType = sourcecode.swift; path = CommonButton.swift; sourceTree = "<group>"; };
		B1844F7B2AC127A900ACFFED /* Constraint.swift */ = {isa = PBXFileReference; lastKnownFileType = sourcecode.swift; path = Constraint.swift; sourceTree = "<group>"; };
/* End PBXFileReference section */

/* Begin PBXFrameworksBuildPhase section */
		B14B58C32AC0A230009889DA /* Frameworks */ = {
			isa = PBXFrameworksBuildPhase;
			buildActionMask = 2147483647;
			files = (
				B17D67C32AC0C4F8006F91DC /* RxSwift in Frameworks */,
				B17D67C12AC0C4F3006F91DC /* RxCocoa in Frameworks */,
				B17D67B12AC0BF02006F91DC /* SnapKit in Frameworks */,
			);
			runOnlyForDeploymentPostprocessing = 0;
		};
		B1844F562AC0CD9B00ACFFED /* Frameworks */ = {
			isa = PBXFrameworksBuildPhase;
			buildActionMask = 2147483647;
			files = (
			);
			runOnlyForDeploymentPostprocessing = 0;
		};
		B1844F652AC0CDA500ACFFED /* Frameworks */ = {
			isa = PBXFrameworksBuildPhase;
			buildActionMask = 2147483647;
			files = (
			);
			runOnlyForDeploymentPostprocessing = 0;
		};
/* End PBXFrameworksBuildPhase section */

/* Begin PBXGroup section */
		4B157D3F2AC15A0900EEDEC1 /* WorldCup */ = {
			isa = PBXGroup;
			children = (
				4B157D412AC15A2200EEDEC1 /* WorldCupViewController.swift */,
			);
			path = WorldCup;
			sourceTree = "<group>";
		};
		4B157D402AC15A0F00EEDEC1 /* RandomBox */ = {
			isa = PBXGroup;
			children = (
				4B157D432AC16A4000EEDEC1 /* RandomBoxViewController.swift */,
				4B157D452AC17CF700EEDEC1 /* RandomBoxModel.swift */,
			);
			path = RandomBox;
			sourceTree = "<group>";
		};
		B14B58BD2AC0A230009889DA = {
			isa = PBXGroup;
			children = (
				B1844F752AC0D78000ACFFED /* .swiftlint.yml */,
				B14B58C82AC0A230009889DA /* Pico */,
				B1844F692AC0CDA500ACFFED /* PicoTests */,
				B1844F5A2AC0CD9B00ACFFED /* PicoUITests */,
				B14B58C72AC0A230009889DA /* Products */,
				B17D67AF2AC0BF02006F91DC /* Frameworks */,
			);
			sourceTree = "<group>";
		};
		B14B58C72AC0A230009889DA /* Products */ = {
			isa = PBXGroup;
			children = (
				B14B58C62AC0A230009889DA /* Pico.app */,
				B1844F592AC0CD9B00ACFFED /* PicoUITests.xctest */,
				B1844F682AC0CDA500ACFFED /* PicoTests.xctest */,
			);
			name = Products;
			sourceTree = "<group>";
		};
		B14B58C82AC0A230009889DA /* Pico */ = {
			isa = PBXGroup;
			children = (
				B14B58F92AC0A243009889DA /* Config */,
				B14B59052AC0A41B009889DA /* UserDefaults */,
				B17D67B42AC0C043006F91DC /* Constant */,
				B14B59022AC0A32B009889DA /* Extension */,
				B14B59032AC0A39E009889DA /* Common */,
				B14B59042AC0A3F6009889DA /* Model */,
				B14B58FA2AC0A290009889DA /* Sign */,
				B14B59062AC0A488009889DA /* TabBar */,
				B14B58FD2AC0A2C3009889DA /* Home */,
				B14B58FE2AC0A2D4009889DA /* Mail */,
				B14B58FF2AC0A2E1009889DA /* Like */,
				B14B59002AC0A2FE009889DA /* Ent */,
				B14B59012AC0A30F009889DA /* Mypage */,
			);
			path = Pico;
			sourceTree = "<group>";
		};
		B14B58F92AC0A243009889DA /* Config */ = {
			isa = PBXGroup;
			children = (
				B14B58D72AC0A232009889DA /* Info.plist */,
				B14B58D22AC0A232009889DA /* Assets.xcassets */,
				B14B58C92AC0A230009889DA /* AppDelegate.swift */,
				B14B58CB2AC0A230009889DA /* SceneDelegate.swift */,
				B14B58D42AC0A232009889DA /* LaunchScreen.storyboard */,
			);
			path = Config;
			sourceTree = "<group>";
		};
		B14B58FA2AC0A290009889DA /* Sign */ = {
			isa = PBXGroup;
			children = (
				B14B58FC2AC0A2BB009889DA /* SignIn */,
				B14B58FB2AC0A2B5009889DA /* SignUp */,
			);
			path = Sign;
			sourceTree = "<group>";
		};
		B14B58FB2AC0A2B5009889DA /* SignUp */ = {
			isa = PBXGroup;
			children = (
				B17D67852AC0A850006F91DC /* SignUpViewController.swift */,
			);
			path = SignUp;
			sourceTree = "<group>";
		};
		B14B58FC2AC0A2BB009889DA /* SignIn */ = {
			isa = PBXGroup;
			children = (
				B17D67832AC0A835006F91DC /* SignInViewController.swift */,
			);
			path = SignIn;
			sourceTree = "<group>";
		};
		B14B58FD2AC0A2C3009889DA /* Home */ = {
			isa = PBXGroup;
			children = (
				B14B58CD2AC0A230009889DA /* HomeViewController.swift */,
			);
			path = Home;
			sourceTree = "<group>";
		};
		B14B58FE2AC0A2D4009889DA /* Mail */ = {
			isa = PBXGroup;
			children = (
				B14B59092AC0A644009889DA /* MailViewController.swift */,
			);
			path = Mail;
			sourceTree = "<group>";
		};
		B14B58FF2AC0A2E1009889DA /* Like */ = {
			isa = PBXGroup;
			children = (
				B14B590B2AC0A64C009889DA /* LikeViewController.swift */,
			);
			path = Like;
			sourceTree = "<group>";
		};
		B14B59002AC0A2FE009889DA /* Ent */ = {
			isa = PBXGroup;
			children = (
				4B157D402AC15A0F00EEDEC1 /* RandomBox */,
				4B157D3F2AC15A0900EEDEC1 /* WorldCup */,
				B14B590D2AC0A658009889DA /* EntViewController.swift */,
				4B157D392AC116B400EEDEC1 /* RandomBoxBanner.swift */,
				4B157D3B2AC1451800EEDEC1 /* EntCollectionViewCell.swift */,
			);
			path = Ent;
			sourceTree = "<group>";
		};
		B14B59012AC0A30F009889DA /* Mypage */ = {
			isa = PBXGroup;
			children = (
				B14B590F2AC0A666009889DA /* MypageViewController.swift */,
			);
			path = Mypage;
			sourceTree = "<group>";
		};
		B14B59022AC0A32B009889DA /* Extension */ = {
			isa = PBXGroup;
			children = (
				B17D67A62AC0B5E5006F91DC /* Namespace */,
				B17D67AD2AC0BD82006F91DC /* Function */,
				B17D67A42AC0B5D6006F91DC /* Codable */,
			);
			path = Extension;
			sourceTree = "<group>";
		};
		B14B59032AC0A39E009889DA /* Common */ = {
			isa = PBXGroup;
			children = (
				B1844F772AC0E3BF00ACFFED /* CommonButton.swift */,
			);
			path = Common;
			sourceTree = "<group>";
		};
		B14B59042AC0A3F6009889DA /* Model */ = {
			isa = PBXGroup;
			children = (
				B17D67992AC0B048006F91DC /* User */,
				B17D67BB2AC0C41B006F91DC /* SubInfo */,
				B17D67BC2AC0C423006F91DC /* Location */,
				B17D67BD2AC0C42B006F91DC /* Report */,
				B17D67BE2AC0C431006F91DC /* Block */,
				B17D679A2AC0B054006F91DC /* Notification */,
				B17D679B2AC0B063006F91DC /* Like */,
				B17D679C2AC0B06B006F91DC /* Mail */,
				B17D679D2AC0B076006F91DC /* Payment */,
			);
			path = Model;
			sourceTree = "<group>";
		};
		B14B59052AC0A41B009889DA /* UserDefaults */ = {
			isa = PBXGroup;
			children = (
				B17D679E2AC0B116006F91DC /* UserDefaultsData.swift */,
			);
			path = UserDefaults;
			sourceTree = "<group>";
		};
		B14B59062AC0A488009889DA /* TabBar */ = {
			isa = PBXGroup;
			children = (
				B14B59072AC0A4FD009889DA /* TabBarController.swift */,
			);
			path = TabBar;
			sourceTree = "<group>";
		};
		B17D67992AC0B048006F91DC /* User */ = {
			isa = PBXGroup;
			children = (
				B17D67872AC0AAFF006F91DC /* User.swift */,
			);
			path = User;
			sourceTree = "<group>";
		};
		B17D679A2AC0B054006F91DC /* Notification */ = {
			isa = PBXGroup;
			children = (
				B17D67912AC0ACDF006F91DC /* Notification.swift */,
			);
			path = Notification;
			sourceTree = "<group>";
		};
		B17D679B2AC0B063006F91DC /* Like */ = {
			isa = PBXGroup;
			children = (
				B17D67932AC0AD45006F91DC /* Like.swift */,
			);
			path = Like;
			sourceTree = "<group>";
		};
		B17D679C2AC0B06B006F91DC /* Mail */ = {
			isa = PBXGroup;
			children = (
				B17D67952AC0AE11006F91DC /* Mail.swift */,
			);
			path = Mail;
			sourceTree = "<group>";
		};
		B17D679D2AC0B076006F91DC /* Payment */ = {
			isa = PBXGroup;
			children = (
				B17D67972AC0AEE0006F91DC /* Payment.swift */,
			);
			path = Payment;
			sourceTree = "<group>";
		};
		B17D67A42AC0B5D6006F91DC /* Codable */ = {
			isa = PBXGroup;
			children = (
				B17D67A02AC0B1FA006F91DC /* Encodable+Extensions.swift */,
			);
			path = Codable;
			sourceTree = "<group>";
		};
		B17D67A62AC0B5E5006F91DC /* Namespace */ = {
			isa = PBXGroup;
			children = (
				B17D67A72AC0B5F7006F91DC /* UIColor+Extensions.swift */,
				B17D67A92AC0B86A006F91DC /* UIFont+Extensions.swift */,
			);
			path = Namespace;
			sourceTree = "<group>";
		};
		B17D67AD2AC0BD82006F91DC /* Function */ = {
			isa = PBXGroup;
			children = (
				B17D67A22AC0B21F006F91DC /* UIViewController+Extensions.swift */,
			);
			path = Function;
			sourceTree = "<group>";
		};
		B17D67AF2AC0BF02006F91DC /* Frameworks */ = {
			isa = PBXGroup;
			children = (
			);
			name = Frameworks;
			sourceTree = "<group>";
		};
		B17D67B42AC0C043006F91DC /* Constant */ = {
			isa = PBXGroup;
			children = (
				B17D67B52AC0C09C006F91DC /* Screen.swift */,
				B17D67B72AC0C0C5006F91DC /* Identifier.swift */,
				B1844F7B2AC127A900ACFFED /* Constraint.swift */,
			);
			path = Constant;
			sourceTree = "<group>";
		};
		B17D67BB2AC0C41B006F91DC /* SubInfo */ = {
			isa = PBXGroup;
			children = (
				B17D67892AC0AB6A006F91DC /* SubInfo.swift */,
			);
			path = SubInfo;
			sourceTree = "<group>";
		};
		B17D67BC2AC0C423006F91DC /* Location */ = {
			isa = PBXGroup;
			children = (
				B17D678B2AC0AB80006F91DC /* Location.swift */,
			);
			path = Location;
			sourceTree = "<group>";
		};
		B17D67BD2AC0C42B006F91DC /* Report */ = {
			isa = PBXGroup;
			children = (
				B17D678D2AC0ABFD006F91DC /* Report.swift */,
			);
			path = Report;
			sourceTree = "<group>";
		};
		B17D67BE2AC0C431006F91DC /* Block */ = {
			isa = PBXGroup;
			children = (
				B17D678F2AC0AC15006F91DC /* Block.swift */,
			);
			path = Block;
			sourceTree = "<group>";
		};
		B1844F5A2AC0CD9B00ACFFED /* PicoUITests */ = {
			isa = PBXGroup;
			children = (
				B1844F5B2AC0CD9B00ACFFED /* PicoUITests.swift */,
				B1844F5D2AC0CD9B00ACFFED /* PicoUITestsLaunchTests.swift */,
			);
			path = PicoUITests;
			sourceTree = "<group>";
		};
		B1844F692AC0CDA500ACFFED /* PicoTests */ = {
			isa = PBXGroup;
			children = (
				B1844F6A2AC0CDA500ACFFED /* PicoTests.swift */,
			);
			path = PicoTests;
			sourceTree = "<group>";
		};
/* End PBXGroup section */

/* Begin PBXNativeTarget section */
		B14B58C52AC0A230009889DA /* Pico */ = {
			isa = PBXNativeTarget;
			buildConfigurationList = B14B58F02AC0A233009889DA /* Build configuration list for PBXNativeTarget "Pico" */;
			buildPhases = (
				B1844F4A2AC0C88600ACFFED /* SwiftLint Script */,
				B14B58C22AC0A230009889DA /* Sources */,
				B14B58C32AC0A230009889DA /* Frameworks */,
				B14B58C42AC0A230009889DA /* Resources */,
			);
			buildRules = (
			);
			dependencies = (
			);
			name = Pico;
			packageProductDependencies = (
				B17D67B02AC0BF02006F91DC /* SnapKit */,
				B17D67C02AC0C4F3006F91DC /* RxCocoa */,
				B17D67C22AC0C4F8006F91DC /* RxSwift */,
			);
			productName = Pico;
			productReference = B14B58C62AC0A230009889DA /* Pico.app */;
			productType = "com.apple.product-type.application";
		};
		B1844F582AC0CD9B00ACFFED /* PicoUITests */ = {
			isa = PBXNativeTarget;
			buildConfigurationList = B1844F612AC0CD9B00ACFFED /* Build configuration list for PBXNativeTarget "PicoUITests" */;
			buildPhases = (
				B1844F552AC0CD9B00ACFFED /* Sources */,
				B1844F562AC0CD9B00ACFFED /* Frameworks */,
				B1844F572AC0CD9B00ACFFED /* Resources */,
			);
			buildRules = (
			);
			dependencies = (
				B1844F602AC0CD9B00ACFFED /* PBXTargetDependency */,
			);
			name = PicoUITests;
			productName = PicoUITests;
			productReference = B1844F592AC0CD9B00ACFFED /* PicoUITests.xctest */;
			productType = "com.apple.product-type.bundle.ui-testing";
		};
		B1844F672AC0CDA500ACFFED /* PicoTests */ = {
			isa = PBXNativeTarget;
			buildConfigurationList = B1844F6E2AC0CDA500ACFFED /* Build configuration list for PBXNativeTarget "PicoTests" */;
			buildPhases = (
				B1844F642AC0CDA500ACFFED /* Sources */,
				B1844F652AC0CDA500ACFFED /* Frameworks */,
				B1844F662AC0CDA500ACFFED /* Resources */,
			);
			buildRules = (
			);
			dependencies = (
				B1844F6D2AC0CDA500ACFFED /* PBXTargetDependency */,
			);
			name = PicoTests;
			productName = PicoTests;
			productReference = B1844F682AC0CDA500ACFFED /* PicoTests.xctest */;
			productType = "com.apple.product-type.bundle.unit-test";
		};
/* End PBXNativeTarget section */

/* Begin PBXProject section */
		B14B58BE2AC0A230009889DA /* Project object */ = {
			isa = PBXProject;
			attributes = {
				BuildIndependentTargetsInParallel = 1;
				LastSwiftUpdateCheck = 1500;
				LastUpgradeCheck = 1500;
				TargetAttributes = {
					B14B58C52AC0A230009889DA = {
						CreatedOnToolsVersion = 15.0;
					};
					B1844F582AC0CD9B00ACFFED = {
						CreatedOnToolsVersion = 15.0;
						TestTargetID = B14B58C52AC0A230009889DA;
					};
					B1844F672AC0CDA500ACFFED = {
						CreatedOnToolsVersion = 15.0;
						TestTargetID = B14B58C52AC0A230009889DA;
					};
				};
			};
			buildConfigurationList = B14B58C12AC0A230009889DA /* Build configuration list for PBXProject "Pico" */;
			compatibilityVersion = "Xcode 14.0";
			developmentRegion = en;
			hasScannedForEncodings = 0;
			knownRegions = (
				en,
				Base,
			);
			mainGroup = B14B58BD2AC0A230009889DA;
			packageReferences = (
				B17D67AE2AC0BE4A006F91DC /* XCRemoteSwiftPackageReference "SnapKit" */,
				B17D67BF2AC0C4E5006F91DC /* XCRemoteSwiftPackageReference "RxSwift" */,
			);
			productRefGroup = B14B58C72AC0A230009889DA /* Products */;
			projectDirPath = "";
			projectRoot = "";
			targets = (
				B14B58C52AC0A230009889DA /* Pico */,
				B1844F672AC0CDA500ACFFED /* PicoTests */,
				B1844F582AC0CD9B00ACFFED /* PicoUITests */,
			);
		};
/* End PBXProject section */

/* Begin PBXResourcesBuildPhase section */
		B14B58C42AC0A230009889DA /* Resources */ = {
			isa = PBXResourcesBuildPhase;
			buildActionMask = 2147483647;
			files = (
				B1844F762AC0D78000ACFFED /* .swiftlint.yml in Resources */,
				B14B58D62AC0A232009889DA /* LaunchScreen.storyboard in Resources */,
				B14B58D32AC0A232009889DA /* Assets.xcassets in Resources */,
			);
			runOnlyForDeploymentPostprocessing = 0;
		};
		B1844F572AC0CD9B00ACFFED /* Resources */ = {
			isa = PBXResourcesBuildPhase;
			buildActionMask = 2147483647;
			files = (
			);
			runOnlyForDeploymentPostprocessing = 0;
		};
		B1844F662AC0CDA500ACFFED /* Resources */ = {
			isa = PBXResourcesBuildPhase;
			buildActionMask = 2147483647;
			files = (
			);
			runOnlyForDeploymentPostprocessing = 0;
		};
/* End PBXResourcesBuildPhase section */

/* Begin PBXShellScriptBuildPhase section */
		B1844F4A2AC0C88600ACFFED /* SwiftLint Script */ = {
			isa = PBXShellScriptBuildPhase;
			alwaysOutOfDate = 1;
			buildActionMask = 12;
			files = (
			);
			inputFileListPaths = (
			);
			inputPaths = (
			);
			name = "SwiftLint Script";
			outputFileListPaths = (
			);
			outputPaths = (
			);
			runOnlyForDeploymentPostprocessing = 0;
			shellPath = /bin/sh;
			shellScript = "if [[ \"$(uname -m)\" == arm64 ]]; then\n    export PATH=\"/opt/homebrew/bin:$PATH\"\nfi\n\nif which swiftlint > /dev/null; then\n  swiftlint\nelse\n  echo \"warning: SwiftLint not installed, download from https://github.com/realm/SwiftLint\"\nfi\n";
		};
/* End PBXShellScriptBuildPhase section */

/* Begin PBXSourcesBuildPhase section */
		B14B58C22AC0A230009889DA /* Sources */ = {
			isa = PBXSourcesBuildPhase;
			buildActionMask = 2147483647;
			files = (
				B17D67962AC0AE11006F91DC /* Mail.swift in Sources */,
				4B157D462AC17CF700EEDEC1 /* RandomBoxModel.swift in Sources */,
				4B157D442AC16A4100EEDEC1 /* RandomBoxViewController.swift in Sources */,
				B14B58CE2AC0A230009889DA /* HomeViewController.swift in Sources */,
				B14B59082AC0A4FD009889DA /* TabBarController.swift in Sources */,
				B17D67B62AC0C09C006F91DC /* Screen.swift in Sources */,
				B17D678A2AC0AB6A006F91DC /* SubInfo.swift in Sources */,
				B17D67A82AC0B5F7006F91DC /* UIColor+Extensions.swift in Sources */,
				B14B58CA2AC0A230009889DA /* AppDelegate.swift in Sources */,
				B17D67942AC0AD45006F91DC /* Like.swift in Sources */,
				B17D67B82AC0C0C5006F91DC /* Identifier.swift in Sources */,
				B17D67A32AC0B21F006F91DC /* UIViewController+Extensions.swift in Sources */,
				4B157D422AC15A2200EEDEC1 /* WorldCupViewController.swift in Sources */,
				B17D67922AC0ACDF006F91DC /* Notification.swift in Sources */,
				B17D67A12AC0B1FA006F91DC /* Encodable+Extensions.swift in Sources */,
				B14B590E2AC0A658009889DA /* EntViewController.swift in Sources */,
				B17D67862AC0A850006F91DC /* SignUpViewController.swift in Sources */,
				B1844F782AC0E3BF00ACFFED /* CommonButton.swift in Sources */,
				B17D678C2AC0AB80006F91DC /* Location.swift in Sources */,
				B1844F7C2AC127A900ACFFED /* Constraint.swift in Sources */,
				B17D679F2AC0B116006F91DC /* UserDefaultsData.swift in Sources */,
				B14B58CC2AC0A230009889DA /* SceneDelegate.swift in Sources */,
				4B157D3C2AC1451800EEDEC1 /* EntCollectionViewCell.swift in Sources */,
				B17D67842AC0A835006F91DC /* SignInViewController.swift in Sources */,
				B17D678E2AC0ABFD006F91DC /* Report.swift in Sources */,
				B14B590A2AC0A644009889DA /* MailViewController.swift in Sources */,
				B17D67AA2AC0B86A006F91DC /* UIFont+Extensions.swift in Sources */,
				B14B590C2AC0A64C009889DA /* LikeViewController.swift in Sources */,
				B17D67902AC0AC15006F91DC /* Block.swift in Sources */,
				B17D67982AC0AEE0006F91DC /* Payment.swift in Sources */,
				4B157D3A2AC116B400EEDEC1 /* RandomBoxBanner.swift in Sources */,
				B14B59102AC0A666009889DA /* MypageViewController.swift in Sources */,
				B17D67882AC0AAFF006F91DC /* User.swift in Sources */,
			);
			runOnlyForDeploymentPostprocessing = 0;
		};
		B1844F552AC0CD9B00ACFFED /* Sources */ = {
			isa = PBXSourcesBuildPhase;
			buildActionMask = 2147483647;
			files = (
				B1844F5C2AC0CD9B00ACFFED /* PicoUITests.swift in Sources */,
				B1844F5E2AC0CD9B00ACFFED /* PicoUITestsLaunchTests.swift in Sources */,
			);
			runOnlyForDeploymentPostprocessing = 0;
		};
		B1844F642AC0CDA500ACFFED /* Sources */ = {
			isa = PBXSourcesBuildPhase;
			buildActionMask = 2147483647;
			files = (
				B1844F6B2AC0CDA500ACFFED /* PicoTests.swift in Sources */,
			);
			runOnlyForDeploymentPostprocessing = 0;
		};
/* End PBXSourcesBuildPhase section */

/* Begin PBXTargetDependency section */
		B1844F602AC0CD9B00ACFFED /* PBXTargetDependency */ = {
			isa = PBXTargetDependency;
			target = B14B58C52AC0A230009889DA /* Pico */;
			targetProxy = B1844F5F2AC0CD9B00ACFFED /* PBXContainerItemProxy */;
		};
		B1844F6D2AC0CDA500ACFFED /* PBXTargetDependency */ = {
			isa = PBXTargetDependency;
			target = B14B58C52AC0A230009889DA /* Pico */;
			targetProxy = B1844F6C2AC0CDA500ACFFED /* PBXContainerItemProxy */;
		};
/* End PBXTargetDependency section */

/* Begin PBXVariantGroup section */
		B14B58D42AC0A232009889DA /* LaunchScreen.storyboard */ = {
			isa = PBXVariantGroup;
			children = (
				B14B58D52AC0A232009889DA /* Base */,
			);
			name = LaunchScreen.storyboard;
			sourceTree = "<group>";
		};
/* End PBXVariantGroup section */

/* Begin XCBuildConfiguration section */
		B14B58EE2AC0A233009889DA /* Debug */ = {
			isa = XCBuildConfiguration;
			buildSettings = {
				ALWAYS_SEARCH_USER_PATHS = NO;
				ASSETCATALOG_COMPILER_GENERATE_SWIFT_ASSET_SYMBOL_EXTENSIONS = YES;
				CLANG_ANALYZER_NONNULL = YES;
				CLANG_ANALYZER_NUMBER_OBJECT_CONVERSION = YES_AGGRESSIVE;
				CLANG_CXX_LANGUAGE_STANDARD = "gnu++20";
				CLANG_ENABLE_MODULES = YES;
				CLANG_ENABLE_OBJC_ARC = YES;
				CLANG_ENABLE_OBJC_WEAK = YES;
				CLANG_WARN_BLOCK_CAPTURE_AUTORELEASING = YES;
				CLANG_WARN_BOOL_CONVERSION = YES;
				CLANG_WARN_COMMA = YES;
				CLANG_WARN_CONSTANT_CONVERSION = YES;
				CLANG_WARN_DEPRECATED_OBJC_IMPLEMENTATIONS = YES;
				CLANG_WARN_DIRECT_OBJC_ISA_USAGE = YES_ERROR;
				CLANG_WARN_DOCUMENTATION_COMMENTS = YES;
				CLANG_WARN_EMPTY_BODY = YES;
				CLANG_WARN_ENUM_CONVERSION = YES;
				CLANG_WARN_INFINITE_RECURSION = YES;
				CLANG_WARN_INT_CONVERSION = YES;
				CLANG_WARN_NON_LITERAL_NULL_CONVERSION = YES;
				CLANG_WARN_OBJC_IMPLICIT_RETAIN_SELF = YES;
				CLANG_WARN_OBJC_LITERAL_CONVERSION = YES;
				CLANG_WARN_OBJC_ROOT_CLASS = YES_ERROR;
				CLANG_WARN_QUOTED_INCLUDE_IN_FRAMEWORK_HEADER = YES;
				CLANG_WARN_RANGE_LOOP_ANALYSIS = YES;
				CLANG_WARN_STRICT_PROTOTYPES = YES;
				CLANG_WARN_SUSPICIOUS_MOVE = YES;
				CLANG_WARN_UNGUARDED_AVAILABILITY = YES_AGGRESSIVE;
				CLANG_WARN_UNREACHABLE_CODE = YES;
				CLANG_WARN__DUPLICATE_METHOD_MATCH = YES;
				COPY_PHASE_STRIP = NO;
				DEBUG_INFORMATION_FORMAT = dwarf;
				ENABLE_STRICT_OBJC_MSGSEND = YES;
				ENABLE_TESTABILITY = YES;
				ENABLE_USER_SCRIPT_SANDBOXING = YES;
				GCC_C_LANGUAGE_STANDARD = gnu17;
				GCC_DYNAMIC_NO_PIC = NO;
				GCC_NO_COMMON_BLOCKS = YES;
				GCC_OPTIMIZATION_LEVEL = 0;
				GCC_PREPROCESSOR_DEFINITIONS = (
					"DEBUG=1",
					"$(inherited)",
				);
				GCC_WARN_64_TO_32_BIT_CONVERSION = YES;
				GCC_WARN_ABOUT_RETURN_TYPE = YES_ERROR;
				GCC_WARN_UNDECLARED_SELECTOR = YES;
				GCC_WARN_UNINITIALIZED_AUTOS = YES_AGGRESSIVE;
				GCC_WARN_UNUSED_FUNCTION = YES;
				GCC_WARN_UNUSED_VARIABLE = YES;
				IPHONEOS_DEPLOYMENT_TARGET = 15.0;
				LOCALIZATION_PREFERS_STRING_CATALOGS = YES;
				MTL_ENABLE_DEBUG_INFO = INCLUDE_SOURCE;
				MTL_FAST_MATH = YES;
				ONLY_ACTIVE_ARCH = YES;
				SDKROOT = iphoneos;
				SWIFT_ACTIVE_COMPILATION_CONDITIONS = "DEBUG $(inherited)";
				SWIFT_OPTIMIZATION_LEVEL = "-Onone";
			};
			name = Debug;
		};
		B14B58EF2AC0A233009889DA /* Release */ = {
			isa = XCBuildConfiguration;
			buildSettings = {
				ALWAYS_SEARCH_USER_PATHS = NO;
				ASSETCATALOG_COMPILER_GENERATE_SWIFT_ASSET_SYMBOL_EXTENSIONS = YES;
				CLANG_ANALYZER_NONNULL = YES;
				CLANG_ANALYZER_NUMBER_OBJECT_CONVERSION = YES_AGGRESSIVE;
				CLANG_CXX_LANGUAGE_STANDARD = "gnu++20";
				CLANG_ENABLE_MODULES = YES;
				CLANG_ENABLE_OBJC_ARC = YES;
				CLANG_ENABLE_OBJC_WEAK = YES;
				CLANG_WARN_BLOCK_CAPTURE_AUTORELEASING = YES;
				CLANG_WARN_BOOL_CONVERSION = YES;
				CLANG_WARN_COMMA = YES;
				CLANG_WARN_CONSTANT_CONVERSION = YES;
				CLANG_WARN_DEPRECATED_OBJC_IMPLEMENTATIONS = YES;
				CLANG_WARN_DIRECT_OBJC_ISA_USAGE = YES_ERROR;
				CLANG_WARN_DOCUMENTATION_COMMENTS = YES;
				CLANG_WARN_EMPTY_BODY = YES;
				CLANG_WARN_ENUM_CONVERSION = YES;
				CLANG_WARN_INFINITE_RECURSION = YES;
				CLANG_WARN_INT_CONVERSION = YES;
				CLANG_WARN_NON_LITERAL_NULL_CONVERSION = YES;
				CLANG_WARN_OBJC_IMPLICIT_RETAIN_SELF = YES;
				CLANG_WARN_OBJC_LITERAL_CONVERSION = YES;
				CLANG_WARN_OBJC_ROOT_CLASS = YES_ERROR;
				CLANG_WARN_QUOTED_INCLUDE_IN_FRAMEWORK_HEADER = YES;
				CLANG_WARN_RANGE_LOOP_ANALYSIS = YES;
				CLANG_WARN_STRICT_PROTOTYPES = YES;
				CLANG_WARN_SUSPICIOUS_MOVE = YES;
				CLANG_WARN_UNGUARDED_AVAILABILITY = YES_AGGRESSIVE;
				CLANG_WARN_UNREACHABLE_CODE = YES;
				CLANG_WARN__DUPLICATE_METHOD_MATCH = YES;
				COPY_PHASE_STRIP = NO;
				DEBUG_INFORMATION_FORMAT = "dwarf-with-dsym";
				ENABLE_NS_ASSERTIONS = NO;
				ENABLE_STRICT_OBJC_MSGSEND = YES;
				ENABLE_USER_SCRIPT_SANDBOXING = YES;
				GCC_C_LANGUAGE_STANDARD = gnu17;
				GCC_NO_COMMON_BLOCKS = YES;
				GCC_WARN_64_TO_32_BIT_CONVERSION = YES;
				GCC_WARN_ABOUT_RETURN_TYPE = YES_ERROR;
				GCC_WARN_UNDECLARED_SELECTOR = YES;
				GCC_WARN_UNINITIALIZED_AUTOS = YES_AGGRESSIVE;
				GCC_WARN_UNUSED_FUNCTION = YES;
				GCC_WARN_UNUSED_VARIABLE = YES;
				IPHONEOS_DEPLOYMENT_TARGET = 15.0;
				LOCALIZATION_PREFERS_STRING_CATALOGS = YES;
				MTL_ENABLE_DEBUG_INFO = NO;
				MTL_FAST_MATH = YES;
				SDKROOT = iphoneos;
				SWIFT_COMPILATION_MODE = wholemodule;
				VALIDATE_PRODUCT = YES;
			};
			name = Release;
		};
		B14B58F12AC0A233009889DA /* Debug */ = {
			isa = XCBuildConfiguration;
			buildSettings = {
				ASSETCATALOG_COMPILER_APPICON_NAME = AppIcon;
				ASSETCATALOG_COMPILER_GLOBAL_ACCENT_COLOR_NAME = AccentColor;
				CODE_SIGN_STYLE = Automatic;
				CURRENT_PROJECT_VERSION = 1;
				DEVELOPMENT_TEAM = 6R3M7VGRP2;
				ENABLE_USER_SCRIPT_SANDBOXING = NO;
				GENERATE_INFOPLIST_FILE = YES;
				INFOPLIST_FILE = Pico/Config/Info.plist;
				INFOPLIST_KEY_CFBundleDisplayName = "피코";
				INFOPLIST_KEY_UIApplicationSupportsIndirectInputEvents = YES;
				INFOPLIST_KEY_UILaunchStoryboardName = LaunchScreen;
				INFOPLIST_KEY_UISupportedInterfaceOrientations_iPad = "UIInterfaceOrientationPortrait UIInterfaceOrientationPortraitUpsideDown UIInterfaceOrientationLandscapeLeft UIInterfaceOrientationLandscapeRight";
				INFOPLIST_KEY_UISupportedInterfaceOrientations_iPhone = "UIInterfaceOrientationPortrait UIInterfaceOrientationLandscapeLeft UIInterfaceOrientationLandscapeRight";
				LD_RUNPATH_SEARCH_PATHS = (
					"$(inherited)",
					"@executable_path/Frameworks",
				);
				MARKETING_VERSION = 1.0;
				PRODUCT_BUNDLE_IDENTIFIER = com.ojeomsun.pico;
				PRODUCT_NAME = "$(TARGET_NAME)";
				SWIFT_EMIT_LOC_STRINGS = YES;
				SWIFT_VERSION = 5.0;
				TARGETED_DEVICE_FAMILY = "1,2";
			};
			name = Debug;
		};
		B14B58F22AC0A233009889DA /* Release */ = {
			isa = XCBuildConfiguration;
			buildSettings = {
				ASSETCATALOG_COMPILER_APPICON_NAME = AppIcon;
				ASSETCATALOG_COMPILER_GLOBAL_ACCENT_COLOR_NAME = AccentColor;
				CODE_SIGN_STYLE = Automatic;
				CURRENT_PROJECT_VERSION = 1;
				DEVELOPMENT_TEAM = 6R3M7VGRP2;
				ENABLE_USER_SCRIPT_SANDBOXING = NO;
				GENERATE_INFOPLIST_FILE = YES;
				INFOPLIST_FILE = Pico/Config/Info.plist;
				INFOPLIST_KEY_CFBundleDisplayName = "피코";
				INFOPLIST_KEY_UIApplicationSupportsIndirectInputEvents = YES;
				INFOPLIST_KEY_UILaunchStoryboardName = LaunchScreen;
				INFOPLIST_KEY_UISupportedInterfaceOrientations_iPad = "UIInterfaceOrientationPortrait UIInterfaceOrientationPortraitUpsideDown UIInterfaceOrientationLandscapeLeft UIInterfaceOrientationLandscapeRight";
				INFOPLIST_KEY_UISupportedInterfaceOrientations_iPhone = "UIInterfaceOrientationPortrait UIInterfaceOrientationLandscapeLeft UIInterfaceOrientationLandscapeRight";
				LD_RUNPATH_SEARCH_PATHS = (
					"$(inherited)",
					"@executable_path/Frameworks",
				);
				MARKETING_VERSION = 1.0;
				PRODUCT_BUNDLE_IDENTIFIER = com.ojeomsun.pico;
				PRODUCT_NAME = "$(TARGET_NAME)";
				SWIFT_EMIT_LOC_STRINGS = YES;
				SWIFT_VERSION = 5.0;
				TARGETED_DEVICE_FAMILY = "1,2";
			};
			name = Release;
		};
		B1844F622AC0CD9B00ACFFED /* Debug */ = {
			isa = XCBuildConfiguration;
			buildSettings = {
				CODE_SIGN_STYLE = Automatic;
				CURRENT_PROJECT_VERSION = 1;
				DEVELOPMENT_TEAM = 6R3M7VGRP2;
				ENABLE_USER_SCRIPT_SANDBOXING = YES;
				GENERATE_INFOPLIST_FILE = YES;
				IPHONEOS_DEPLOYMENT_TARGET = 17.0;
				MARKETING_VERSION = 1.0;
				PRODUCT_BUNDLE_IDENTIFIER = com.ojeomsun.PicoUITests;
				PRODUCT_NAME = "$(TARGET_NAME)";
				SWIFT_EMIT_LOC_STRINGS = NO;
				SWIFT_VERSION = 5.0;
				TARGETED_DEVICE_FAMILY = "1,2";
				TEST_TARGET_NAME = Pico;
			};
			name = Debug;
		};
		B1844F632AC0CD9B00ACFFED /* Release */ = {
			isa = XCBuildConfiguration;
			buildSettings = {
				CODE_SIGN_STYLE = Automatic;
				CURRENT_PROJECT_VERSION = 1;
				DEVELOPMENT_TEAM = 6R3M7VGRP2;
				ENABLE_USER_SCRIPT_SANDBOXING = YES;
				GENERATE_INFOPLIST_FILE = YES;
				IPHONEOS_DEPLOYMENT_TARGET = 17.0;
				MARKETING_VERSION = 1.0;
				PRODUCT_BUNDLE_IDENTIFIER = com.ojeomsun.PicoUITests;
				PRODUCT_NAME = "$(TARGET_NAME)";
				SWIFT_EMIT_LOC_STRINGS = NO;
				SWIFT_VERSION = 5.0;
				TARGETED_DEVICE_FAMILY = "1,2";
				TEST_TARGET_NAME = Pico;
			};
			name = Release;
		};
		B1844F6F2AC0CDA500ACFFED /* Debug */ = {
			isa = XCBuildConfiguration;
			buildSettings = {
				BUNDLE_LOADER = "$(TEST_HOST)";
				CODE_SIGN_STYLE = Automatic;
				CURRENT_PROJECT_VERSION = 1;
				DEVELOPMENT_TEAM = 6R3M7VGRP2;
				ENABLE_USER_SCRIPT_SANDBOXING = YES;
				GENERATE_INFOPLIST_FILE = YES;
				IPHONEOS_DEPLOYMENT_TARGET = 17.0;
				MARKETING_VERSION = 1.0;
				PRODUCT_BUNDLE_IDENTIFIER = com.ojeomsun.PicoTests;
				PRODUCT_NAME = "$(TARGET_NAME)";
				SWIFT_EMIT_LOC_STRINGS = NO;
				SWIFT_VERSION = 5.0;
				TARGETED_DEVICE_FAMILY = "1,2";
				TEST_HOST = "$(BUILT_PRODUCTS_DIR)/Pico.app/$(BUNDLE_EXECUTABLE_FOLDER_PATH)/Pico";
			};
			name = Debug;
		};
		B1844F702AC0CDA500ACFFED /* Release */ = {
			isa = XCBuildConfiguration;
			buildSettings = {
				BUNDLE_LOADER = "$(TEST_HOST)";
				CODE_SIGN_STYLE = Automatic;
				CURRENT_PROJECT_VERSION = 1;
				DEVELOPMENT_TEAM = 6R3M7VGRP2;
				ENABLE_USER_SCRIPT_SANDBOXING = YES;
				GENERATE_INFOPLIST_FILE = YES;
				IPHONEOS_DEPLOYMENT_TARGET = 17.0;
				MARKETING_VERSION = 1.0;
				PRODUCT_BUNDLE_IDENTIFIER = com.ojeomsun.PicoTests;
				PRODUCT_NAME = "$(TARGET_NAME)";
				SWIFT_EMIT_LOC_STRINGS = NO;
				SWIFT_VERSION = 5.0;
				TARGETED_DEVICE_FAMILY = "1,2";
				TEST_HOST = "$(BUILT_PRODUCTS_DIR)/Pico.app/$(BUNDLE_EXECUTABLE_FOLDER_PATH)/Pico";
			};
			name = Release;
		};
/* End XCBuildConfiguration section */

/* Begin XCConfigurationList section */
		B14B58C12AC0A230009889DA /* Build configuration list for PBXProject "Pico" */ = {
			isa = XCConfigurationList;
			buildConfigurations = (
				B14B58EE2AC0A233009889DA /* Debug */,
				B14B58EF2AC0A233009889DA /* Release */,
			);
			defaultConfigurationIsVisible = 0;
			defaultConfigurationName = Release;
		};
		B14B58F02AC0A233009889DA /* Build configuration list for PBXNativeTarget "Pico" */ = {
			isa = XCConfigurationList;
			buildConfigurations = (
				B14B58F12AC0A233009889DA /* Debug */,
				B14B58F22AC0A233009889DA /* Release */,
			);
			defaultConfigurationIsVisible = 0;
			defaultConfigurationName = Release;
		};
		B1844F612AC0CD9B00ACFFED /* Build configuration list for PBXNativeTarget "PicoUITests" */ = {
			isa = XCConfigurationList;
			buildConfigurations = (
				B1844F622AC0CD9B00ACFFED /* Debug */,
				B1844F632AC0CD9B00ACFFED /* Release */,
			);
			defaultConfigurationIsVisible = 0;
			defaultConfigurationName = Release;
		};
		B1844F6E2AC0CDA500ACFFED /* Build configuration list for PBXNativeTarget "PicoTests" */ = {
			isa = XCConfigurationList;
			buildConfigurations = (
				B1844F6F2AC0CDA500ACFFED /* Debug */,
				B1844F702AC0CDA500ACFFED /* Release */,
			);
			defaultConfigurationIsVisible = 0;
			defaultConfigurationName = Release;
		};
/* End XCConfigurationList section */

/* Begin XCRemoteSwiftPackageReference section */
		B17D67AE2AC0BE4A006F91DC /* XCRemoteSwiftPackageReference "SnapKit" */ = {
			isa = XCRemoteSwiftPackageReference;
			repositoryURL = "https://github.com/SnapKit/SnapKit.git";
			requirement = {
				kind = upToNextMajorVersion;
				minimumVersion = 5.6.0;
			};
		};
		B17D67BF2AC0C4E5006F91DC /* XCRemoteSwiftPackageReference "RxSwift" */ = {
			isa = XCRemoteSwiftPackageReference;
			repositoryURL = "https://github.com/ReactiveX/RxSwift.git";
			requirement = {
				kind = upToNextMajorVersion;
				minimumVersion = 6.6.0;
			};
		};
/* End XCRemoteSwiftPackageReference section */

/* Begin XCSwiftPackageProductDependency section */
		B17D67B02AC0BF02006F91DC /* SnapKit */ = {
			isa = XCSwiftPackageProductDependency;
			package = B17D67AE2AC0BE4A006F91DC /* XCRemoteSwiftPackageReference "SnapKit" */;
			productName = SnapKit;
		};
		B17D67C02AC0C4F3006F91DC /* RxCocoa */ = {
			isa = XCSwiftPackageProductDependency;
			package = B17D67BF2AC0C4E5006F91DC /* XCRemoteSwiftPackageReference "RxSwift" */;
			productName = RxCocoa;
		};
		B17D67C22AC0C4F8006F91DC /* RxSwift */ = {
			isa = XCSwiftPackageProductDependency;
			package = B17D67BF2AC0C4E5006F91DC /* XCRemoteSwiftPackageReference "RxSwift" */;
			productName = RxSwift;
		};
/* End XCSwiftPackageProductDependency section */
	};
	rootObject = B14B58BE2AC0A230009889DA /* Project object */;
}
